{
  "pins" : [
    {
      "identity" : "assessmentmodelkmm",
      "kind" : "remoteSourceControl",
      "location" : "https://github.com/BridgeDigitalHealth/AssessmentModelKMM.git",
      "state" : {
        "revision" : "62a0826908ca3dae200e32d4038d9409f4e9f9a5",
        "version" : "1.1.2"
      }
    },
    {
      "identity" : "bridgearchiver-swift",
      "kind" : "remoteSourceControl",
      "location" : "https://github.com/BridgeDigitalHealth/BridgeArchiver-Swift.git",
      "state" : {
        "revision" : "9fce5d2c7e1134c9c486b3eedfb2ba4dc337263a",
        "version" : "0.3.2"
      }
    },
    {
      "identity" : "bridgeclientkmm",
      "kind" : "remoteSourceControl",
      "location" : "https://github.com/BridgeDigitalHealth/BridgeClientKMM.git",
      "state" : {
        "revision" : "d5f85851ba53ee78e3231278837b752502adb492",
        "version" : "0.20.0"
      }
    },
    {
      "identity" : "cmssupport",
      "kind" : "remoteSourceControl",
      "location" : "https://github.com/Sage-Bionetworks/CMSSupport.git",
      "state" : {
        "revision" : "99ef4bcead679b83ee6b5414fd79992478f6c311",
        "version" : "1.2.3"
      }
    },
    {
      "identity" : "jsonmodel-swift",
      "kind" : "remoteSourceControl",
      "location" : "https://github.com/BridgeDigitalHealth/JsonModel-Swift.git",
      "state" : {
        "revision" : "5d9acc0f5c1779cca3a31ca1913d684406e74f1f",
        "version" : "2.3.1"
      }
    },
    {
      "identity" : "mobilepassivedata-sdk",
      "kind" : "remoteSourceControl",
      "location" : "https://github.com/BridgeDigitalHealth/MobilePassiveData-SDK.git",
      "state" : {
        "revision" : "74a1f99da8f8c017d0a5adbb3584be81bb1cd9a8",
        "version" : "1.6.2"
      }
    },
    {
      "identity" : "zipfoundation",
      "kind" : "remoteSourceControl",
      "location" : "https://github.com/weichsel/ZIPFoundation.git",
      "state" : {
        "revision" : "43ec568034b3731101dbf7670765d671c30f54f3",
        "version" : "0.9.16"
      }
    }
  ],
  "version" : 2
}
